
Microsoft Visual Studio Solution File, Format Version 12.00
# Visual Studio Version 16
VisualStudioVersion = 16.0.31424.327
MinimumVisualStudioVersion = 10.0.40219.1
Project("{FAE04EC0-301F-11D3-BF4B-00C04F79EFBC}") = "logserv", "logserv.csproj", "{B00AAB9D-3878-4CE2-978E-E38C8961ABF1}"
EndProject
Global
	GlobalSection(SolutionConfigurationPlatforms) = preSolution
		Debug|Any CPU = Debug|Any CPU
		Release|Any CPU = Release|Any CPU
	EndGlobalSection
	GlobalSection(ProjectConfigurationPlatforms) = postSolution
		{B00AAB9D-3878-4CE2-978E-E38C8961ABF1}.Debug|Any CPU.ActiveCfg = Debug|Any CPU
		{B00AAB9D-3878-4CE2-978E-E38C8961ABF1}.Debug|Any CPU.Build.0 = Debug|Any CPU
		{B00AAB9D-3878-4CE2-978E-E38C8961ABF1}.Release|Any CPU.ActiveCfg = Release|Any CPU
		{B00AAB9D-3878-4CE2-978E-E38C8961ABF1}.Release|Any CPU.Build.0 = Release|Any CPU
	EndGlobalSection
	GlobalSection(SolutionProperties) = preSolution
		HideSolutionNode = FALSE
	EndGlobalSection
	GlobalSection(ExtensibilityGlobals) = postSolution
		SolutionGuid = {FB2FF70E-5564-4098-9692-B453486E17E9}
	EndGlobalSection
EndGlobal
